
Microsoft Visual Studio Solution File, Format Version 11.00
# Visual C# Express 2010
Project("{FAE04EC0-301F-11D3-BF4B-00C04F79EFBC}") = "Boards", "TilebasedDragAndDrop\TilebasedDragAndDrop\Boards.csproj", "{326A6A25-C866-45E4-A129-6A7B27306ADE}"
EndProject
Project("{FAE04EC0-301F-11D3-BF4B-00C04F79EFBC}") = "Board", "TilebasedDragAndDrop\TilebasedDragAndDropContent\Board.contentproj", "{D9DC1107-5CE9-4FD8-8D73-73F0C86391DE}"
EndProject
Global
	GlobalSection(SolutionConfigurationPlatforms) = preSolution
		Debug|x86 = Debug|x86
		Release|x86 = Release|x86
	EndGlobalSection
	GlobalSection(ProjectConfigurationPlatforms) = postSolution
		{326A6A25-C866-45E4-A129-6A7B27306ADE}.Debug|x86.ActiveCfg = Debug|x86
		{326A6A25-C866-45E4-A129-6A7B27306ADE}.Debug|x86.Build.0 = Debug|x86
		{326A6A25-C866-45E4-A129-6A7B27306ADE}.Release|x86.ActiveCfg = Release|x86
		{326A6A25-C866-45E4-A129-6A7B27306ADE}.Release|x86.Build.0 = Release|x86
		{D9DC1107-5CE9-4FD8-8D73-73F0C86391DE}.Debug|x86.ActiveCfg = Debug|x86
		{D9DC1107-5CE9-4FD8-8D73-73F0C86391DE}.Release|x86.ActiveCfg = Release|x86
	EndGlobalSection
	GlobalSection(SolutionProperties) = preSolution
		HideSolutionNode = FALSE
	EndGlobalSection
	GlobalSection(SubversionScc) = preSolution
		Svn-Managed = True
		Manager = AnkhSVN - Subversion Support for Visual Studio
	EndGlobalSection
EndGlobal
